// !$*UTF8*$!
{
	archiveVersion = 1;
	classes = {
	};
	objectVersion = 56;
	objects = {

/* Begin PBXBuildFile section */
		8A848C532B6EDD830074440B /* ParticlePaintingsV2App.swift in Sources */ = {isa = PBXBuildFile; fileRef = 8A848C522B6EDD830074440B /* ParticlePaintingsV2App.swift */; };
		8A848C552B6EDD830074440B /* ContentView.swift in Sources */ = {isa = PBXBuildFile; fileRef = 8A848C542B6EDD830074440B /* ContentView.swift */; };
		8A848C572B6EDD840074440B /* Assets.xcassets in Resources */ = {isa = PBXBuildFile; fileRef = 8A848C562B6EDD840074440B /* Assets.xcassets */; };
		8A848C5B2B6EDD840074440B /* Preview Assets.xcassets in Resources */ = {isa = PBXBuildFile; fileRef = 8A848C5A2B6EDD840074440B /* Preview Assets.xcassets */; };
		8A848C652B6EDD840074440B /* ParticlePaintingsV2Tests.swift in Sources */ = {isa = PBXBuildFile; fileRef = 8A848C642B6EDD840074440B /* ParticlePaintingsV2Tests.swift */; };
		8A848C6F2B6EDD840074440B /* ParticlePaintingsV2UITests.swift in Sources */ = {isa = PBXBuildFile; fileRef = 8A848C6E2B6EDD840074440B /* ParticlePaintingsV2UITests.swift */; };
		8A848C712B6EDD840074440B /* ParticlePaintingsV2UITestsLaunchTests.swift in Sources */ = {isa = PBXBuildFile; fileRef = 8A848C702B6EDD840074440B /* ParticlePaintingsV2UITestsLaunchTests.swift */; };
		8A848C7E2B6EDDB80074440B /* MetalView.swift in Sources */ = {isa = PBXBuildFile; fileRef = 8A848C7D2B6EDDB80074440B /* MetalView.swift */; };
		8A848C802B6EDDD80074440B /* Renderer.swift in Sources */ = {isa = PBXBuildFile; fileRef = 8A848C7F2B6EDDD80074440B /* Renderer.swift */; };
		8A848C822B6EDDEE0074440B /* Shaders.metal in Sources */ = {isa = PBXBuildFile; fileRef = 8A848C812B6EDDEE0074440B /* Shaders.metal */; };
/* End PBXBuildFile section */

/* Begin PBXContainerItemProxy section */
		8A848C612B6EDD840074440B /* PBXContainerItemProxy */ = {
			isa = PBXContainerItemProxy;
			containerPortal = 8A848C472B6EDD830074440B /* Project object */;
			proxyType = 1;
			remoteGlobalIDString = 8A848C4E2B6EDD830074440B;
			remoteInfo = ParticlePaintingsV2;
		};
		8A848C6B2B6EDD840074440B /* PBXContainerItemProxy */ = {
			isa = PBXContainerItemProxy;
			containerPortal = 8A848C472B6EDD830074440B /* Project object */;
			proxyType = 1;
			remoteGlobalIDString = 8A848C4E2B6EDD830074440B;
			remoteInfo = ParticlePaintingsV2;
		};
/* End PBXContainerItemProxy section */

/* Begin PBXFileReference section */
		8A848C4F2B6EDD830074440B /* ParticlePaintingsV2.app */ = {isa = PBXFileReference; explicitFileType = wrapper.application; includeInIndex = 0; path = ParticlePaintingsV2.app; sourceTree = BUILT_PRODUCTS_DIR; };
		8A848C522B6EDD830074440B /* ParticlePaintingsV2App.swift */ = {isa = PBXFileReference; lastKnownFileType = sourcecode.swift; path = ParticlePaintingsV2App.swift; sourceTree = "<group>"; };
		8A848C542B6EDD830074440B /* ContentView.swift */ = {isa = PBXFileReference; lastKnownFileType = sourcecode.swift; path = ContentView.swift; sourceTree = "<group>"; };
		8A848C562B6EDD840074440B /* Assets.xcassets */ = {isa = PBXFileReference; lastKnownFileType = folder.assetcatalog; path = Assets.xcassets; sourceTree = "<group>"; };
		8A848C582B6EDD840074440B /* ParticlePaintingsV2.entitlements */ = {isa = PBXFileReference; lastKnownFileType = text.plist.entitlements; path = ParticlePaintingsV2.entitlements; sourceTree = "<group>"; };
		8A848C5A2B6EDD840074440B /* Preview Assets.xcassets */ = {isa = PBXFileReference; lastKnownFileType = folder.assetcatalog; path = "Preview Assets.xcassets"; sourceTree = "<group>"; };
		8A848C602B6EDD840074440B /* ParticlePaintingsV2Tests.xctest */ = {isa = PBXFileReference; explicitFileType = wrapper.cfbundle; includeInIndex = 0; path = ParticlePaintingsV2Tests.xctest; sourceTree = BUILT_PRODUCTS_DIR; };
		8A848C642B6EDD840074440B /* ParticlePaintingsV2Tests.swift */ = {isa = PBXFileReference; lastKnownFileType = sourcecode.swift; path = ParticlePaintingsV2Tests.swift; sourceTree = "<group>"; };
		8A848C6A2B6EDD840074440B /* ParticlePaintingsV2UITests.xctest */ = {isa = PBXFileReference; explicitFileType = wrapper.cfbundle; includeInIndex = 0; path = ParticlePaintingsV2UITests.xctest; sourceTree = BUILT_PRODUCTS_DIR; };
		8A848C6E2B6EDD840074440B /* ParticlePaintingsV2UITests.swift */ = {isa = PBXFileReference; lastKnownFileType = sourcecode.swift; path = ParticlePaintingsV2UITests.swift; sourceTree = "<group>"; };
		8A848C702B6EDD840074440B /* ParticlePaintingsV2UITestsLaunchTests.swift */ = {isa = PBXFileReference; lastKnownFileType = sourcecode.swift; path = ParticlePaintingsV2UITestsLaunchTests.swift; sourceTree = "<group>"; };
		8A848C7D2B6EDDB80074440B /* MetalView.swift */ = {isa = PBXFileReference; lastKnownFileType = sourcecode.swift; path = MetalView.swift; sourceTree = "<group>"; };
		8A848C7F2B6EDDD80074440B /* Renderer.swift */ = {isa = PBXFileReference; lastKnownFileType = sourcecode.swift; path = Renderer.swift; sourceTree = "<group>"; };
		8A848C812B6EDDEE0074440B /* Shaders.metal */ = {isa = PBXFileReference; lastKnownFileType = sourcecode.metal; path = Shaders.metal; sourceTree = "<group>"; };
/* End PBXFileReference section */

/* Begin PBXFrameworksBuildPhase section */
		8A848C4C2B6EDD830074440B /* Frameworks */ = {
			isa = PBXFrameworksBuildPhase;
			buildActionMask = 2147483647;
			files = (
			);
			runOnlyForDeploymentPostprocessing = 0;
		};
		8A848C5D2B6EDD840074440B /* Frameworks */ = {
			isa = PBXFrameworksBuildPhase;
			buildActionMask = 2147483647;
			files = (
			);
			runOnlyForDeploymentPostprocessing = 0;
		};
		8A848C672B6EDD840074440B /* Frameworks */ = {
			isa = PBXFrameworksBuildPhase;
			buildActionMask = 2147483647;
			files = (
			);
			runOnlyForDeploymentPostprocessing = 0;
		};
/* End PBXFrameworksBuildPhase section */

/* Begin PBXGroup section */
		8A848C462B6EDD830074440B = {
			isa = PBXGroup;
			children = (
				8A848C512B6EDD830074440B /* ParticlePaintingsV2 */,
				8A848C632B6EDD840074440B /* ParticlePaintingsV2Tests */,
				8A848C6D2B6EDD840074440B /* ParticlePaintingsV2UITests */,
				8A848C502B6EDD830074440B /* Products */,
			);
			sourceTree = "<group>";
		};
		8A848C502B6EDD830074440B /* Products */ = {
			isa = PBXGroup;
			children = (
				8A848C4F2B6EDD830074440B /* ParticlePaintingsV2.app */,
				8A848C602B6EDD840074440B /* ParticlePaintingsV2Tests.xctest */,
				8A848C6A2B6EDD840074440B /* ParticlePaintingsV2UITests.xctest */,
			);
			name = Products;
			sourceTree = "<group>";
		};
		8A848C512B6EDD830074440B /* ParticlePaintingsV2 */ = {
			isa = PBXGroup;
			children = (
				8A848C522B6EDD830074440B /* ParticlePaintingsV2App.swift */,
				8A848C542B6EDD830074440B /* ContentView.swift */,
				8A848C7D2B6EDDB80074440B /* MetalView.swift */,
				8A848C7F2B6EDDD80074440B /* Renderer.swift */,
				8A848C812B6EDDEE0074440B /* Shaders.metal */,
				8A848C562B6EDD840074440B /* Assets.xcassets */,
				8A848C582B6EDD840074440B /* ParticlePaintingsV2.entitlements */,
				8A848C592B6EDD840074440B /* Preview Content */,
			);
			path = ParticlePaintingsV2;
			sourceTree = "<group>";
		};
		8A848C592B6EDD840074440B /* Preview Content */ = {
			isa = PBXGroup;
			children = (
				8A848C5A2B6EDD840074440B /* Preview Assets.xcassets */,
			);
			path = "Preview Content";
			sourceTree = "<group>";
		};
		8A848C632B6EDD840074440B /* ParticlePaintingsV2Tests */ = {
			isa = PBXGroup;
			children = (
				8A848C642B6EDD840074440B /* ParticlePaintingsV2Tests.swift */,
			);
			path = ParticlePaintingsV2Tests;
			sourceTree = "<group>";
		};
		8A848C6D2B6EDD840074440B /* ParticlePaintingsV2UITests */ = {
			isa = PBXGroup;
			children = (
				8A848C6E2B6EDD840074440B /* ParticlePaintingsV2UITests.swift */,
				8A848C702B6EDD840074440B /* ParticlePaintingsV2UITestsLaunchTests.swift */,
			);
			path = ParticlePaintingsV2UITests;
			sourceTree = "<group>";
		};
/* End PBXGroup section */

/* Begin PBXNativeTarget section */
		8A848C4E2B6EDD830074440B /* ParticlePaintingsV2 */ = {
			isa = PBXNativeTarget;
			buildConfigurationList = 8A848C742B6EDD840074440B /* Build configuration list for PBXNativeTarget "ParticlePaintingsV2" */;
			buildPhases = (
				8A848C4B2B6EDD830074440B /* Sources */,
				8A848C4C2B6EDD830074440B /* Frameworks */,
				8A848C4D2B6EDD830074440B /* Resources */,
			);
			buildRules = (
			);
			dependencies = (
			);
			name = ParticlePaintingsV2;
			productName = ParticlePaintingsV2;
			productReference = 8A848C4F2B6EDD830074440B /* ParticlePaintingsV2.app */;
			productType = "com.apple.product-type.application";
		};
		8A848C5F2B6EDD840074440B /* ParticlePaintingsV2Tests */ = {
			isa = PBXNativeTarget;
			buildConfigurationList = 8A848C772B6EDD840074440B /* Build configuration list for PBXNativeTarget "ParticlePaintingsV2Tests" */;
			buildPhases = (
				8A848C5C2B6EDD840074440B /* Sources */,
				8A848C5D2B6EDD840074440B /* Frameworks */,
				8A848C5E2B6EDD840074440B /* Resources */,
			);
			buildRules = (
			);
			dependencies = (
				8A848C622B6EDD840074440B /* PBXTargetDependency */,
			);
			name = ParticlePaintingsV2Tests;
			productName = ParticlePaintingsV2Tests;
			productReference = 8A848C602B6EDD840074440B /* ParticlePaintingsV2Tests.xctest */;
			productType = "com.apple.product-type.bundle.unit-test";
		};
		8A848C692B6EDD840074440B /* ParticlePaintingsV2UITests */ = {
			isa = PBXNativeTarget;
			buildConfigurationList = 8A848C7A2B6EDD840074440B /* Build configuration list for PBXNativeTarget "ParticlePaintingsV2UITests" */;
			buildPhases = (
				8A848C662B6EDD840074440B /* Sources */,
				8A848C672B6EDD840074440B /* Frameworks */,
				8A848C682B6EDD840074440B /* Resources */,
			);
			buildRules = (
			);
			dependencies = (
				8A848C6C2B6EDD840074440B /* PBXTargetDependency */,
			);
			name = ParticlePaintingsV2UITests;
			productName = ParticlePaintingsV2UITests;
			productReference = 8A848C6A2B6EDD840074440B /* ParticlePaintingsV2UITests.xctest */;
			productType = "com.apple.product-type.bundle.ui-testing";
		};
/* End PBXNativeTarget section */

/* Begin PBXProject section */
		8A848C472B6EDD830074440B /* Project object */ = {
			isa = PBXProject;
			attributes = {
				BuildIndependentTargetsInParallel = 1;
				LastSwiftUpdateCheck = 1520;
				LastUpgradeCheck = 1520;
				TargetAttributes = {
					8A848C4E2B6EDD830074440B = {
						CreatedOnToolsVersion = 15.2;
					};
					8A848C5F2B6EDD840074440B = {
						CreatedOnToolsVersion = 15.2;
						TestTargetID = 8A848C4E2B6EDD830074440B;
					};
					8A848C692B6EDD840074440B = {
						CreatedOnToolsVersion = 15.2;
						TestTargetID = 8A848C4E2B6EDD830074440B;
					};
				};
			};
			buildConfigurationList = 8A848C4A2B6EDD830074440B /* Build configuration list for PBXProject "ParticlePaintingsV2" */;
			compatibilityVersion = "Xcode 14.0";
			developmentRegion = en;
			hasScannedForEncodings = 0;
			knownRegions = (
				en,
				Base,
			);
			mainGroup = 8A848C462B6EDD830074440B;
			productRefGroup = 8A848C502B6EDD830074440B /* Products */;
			projectDirPath = "";
			projectRoot = "";
			targets = (
				8A848C4E2B6EDD830074440B /* ParticlePaintingsV2 */,
				8A848C5F2B6EDD840074440B /* ParticlePaintingsV2Tests */,
				8A848C692B6EDD840074440B /* ParticlePaintingsV2UITests */,
			);
		};
/* End PBXProject section */

/* Begin PBXResourcesBuildPhase section */
		8A848C4D2B6EDD830074440B /* Resources */ = {
			isa = PBXResourcesBuildPhase;
			buildActionMask = 2147483647;
			files = (
				8A848C5B2B6EDD840074440B /* Preview Assets.xcassets in Resources */,
				8A848C572B6EDD840074440B /* Assets.xcassets in Resources */,
			);
			runOnlyForDeploymentPostprocessing = 0;
		};
		8A848C5E2B6EDD840074440B /* Resources */ = {
			isa = PBXResourcesBuildPhase;
			buildActionMask = 2147483647;
			files = (
			);
			runOnlyForDeploymentPostprocessing = 0;
		};
		8A848C682B6EDD840074440B /* Resources */ = {
			isa = PBXResourcesBuildPhase;
			buildActionMask = 2147483647;
			files = (
			);
			runOnlyForDeploymentPostprocessing = 0;
		};
/* End PBXResourcesBuildPhase section */

/* Begin PBXSourcesBuildPhase section */
		8A848C4B2B6EDD830074440B /* Sources */ = {
			isa = PBXSourcesBuildPhase;
			buildActionMask = 2147483647;
			files = (
				8A848C802B6EDDD80074440B /* Renderer.swift in Sources */,
				8A848C7E2B6EDDB80074440B /* MetalView.swift in Sources */,
				8A848C552B6EDD830074440B /* ContentView.swift in Sources */,
				8A848C532B6EDD830074440B /* ParticlePaintingsV2App.swift in Sources */,
				8A848C822B6EDDEE0074440B /* Shaders.metal in Sources */,
			);
			runOnlyForDeploymentPostprocessing = 0;
		};
		8A848C5C2B6EDD840074440B /* Sources */ = {
			isa = PBXSourcesBuildPhase;
			buildActionMask = 2147483647;
			files = (
				8A848C652B6EDD840074440B /* ParticlePaintingsV2Tests.swift in Sources */,
			);
			runOnlyForDeploymentPostprocessing = 0;
		};
		8A848C662B6EDD840074440B /* Sources */ = {
			isa = PBXSourcesBuildPhase;
			buildActionMask = 2147483647;
			files = (
				8A848C712B6EDD840074440B /* ParticlePaintingsV2UITestsLaunchTests.swift in Sources */,
				8A848C6F2B6EDD840074440B /* ParticlePaintingsV2UITests.swift in Sources */,
			);
			runOnlyForDeploymentPostprocessing = 0;
		};
/* End PBXSourcesBuildPhase section */

/* Begin PBXTargetDependency section */
		8A848C622B6EDD840074440B /* PBXTargetDependency */ = {
			isa = PBXTargetDependency;
			target = 8A848C4E2B6EDD830074440B /* ParticlePaintingsV2 */;
			targetProxy = 8A848C612B6EDD840074440B /* PBXContainerItemProxy */;
		};
		8A848C6C2B6EDD840074440B /* PBXTargetDependency */ = {
			isa = PBXTargetDependency;
			target = 8A848C4E2B6EDD830074440B /* ParticlePaintingsV2 */;
			targetProxy = 8A848C6B2B6EDD840074440B /* PBXContainerItemProxy */;
		};
/* End PBXTargetDependency section */

/* Begin XCBuildConfiguration section */
		8A848C722B6EDD840074440B /* Debug */ = {
			isa = XCBuildConfiguration;
			buildSettings = {
				ALWAYS_SEARCH_USER_PATHS = NO;
				ASSETCATALOG_COMPILER_GENERATE_SWIFT_ASSET_SYMBOL_EXTENSIONS = YES;
				CLANG_ANALYZER_NONNULL = YES;
				CLANG_ANALYZER_NUMBER_OBJECT_CONVERSION = YES_AGGRESSIVE;
				CLANG_CXX_LANGUAGE_STANDARD = "gnu++20";
				CLANG_ENABLE_MODULES = YES;
				CLANG_ENABLE_OBJC_ARC = YES;
				CLANG_ENABLE_OBJC_WEAK = YES;
				CLANG_WARN_BLOCK_CAPTURE_AUTORELEASING = YES;
				CLANG_WARN_BOOL_CONVERSION = YES;
				CLANG_WARN_COMMA = YES;
				CLANG_WARN_CONSTANT_CONVERSION = YES;
				CLANG_WARN_DEPRECATED_OBJC_IMPLEMENTATIONS = YES;
				CLANG_WARN_DIRECT_OBJC_ISA_USAGE = YES_ERROR;
				CLANG_WARN_DOCUMENTATION_COMMENTS = YES;
				CLANG_WARN_EMPTY_BODY = YES;
				CLANG_WARN_ENUM_CONVERSION = YES;
				CLANG_WARN_INFINITE_RECURSION = YES;
				CLANG_WARN_INT_CONVERSION = YES;
				CLANG_WARN_NON_LITERAL_NULL_CONVERSION = YES;
				CLANG_WARN_OBJC_IMPLICIT_RETAIN_SELF = YES;
				CLANG_WARN_OBJC_LITERAL_CONVERSION = YES;
				CLANG_WARN_OBJC_ROOT_CLASS = YES_ERROR;
				CLANG_WARN_QUOTED_INCLUDE_IN_FRAMEWORK_HEADER = YES;
				CLANG_WARN_RANGE_LOOP_ANALYSIS = YES;
				CLANG_WARN_STRICT_PROTOTYPES = YES;
				CLANG_WARN_SUSPICIOUS_MOVE = YES;
				CLANG_WARN_UNGUARDED_AVAILABILITY = YES_AGGRESSIVE;
				CLANG_WARN_UNREACHABLE_CODE = YES;
				CLANG_WARN__DUPLICATE_METHOD_MATCH = YES;
				COPY_PHASE_STRIP = NO;
				DEBUG_INFORMATION_FORMAT = dwarf;
				ENABLE_STRICT_OBJC_MSGSEND = YES;
				ENABLE_TESTABILITY = YES;
				ENABLE_USER_SCRIPT_SANDBOXING = YES;
				GCC_C_LANGUAGE_STANDARD = gnu17;
				GCC_DYNAMIC_NO_PIC = NO;
				GCC_NO_COMMON_BLOCKS = YES;
				GCC_OPTIMIZATION_LEVEL = 0;
				GCC_PREPROCESSOR_DEFINITIONS = (
					"DEBUG=1",
					"$(inherited)",
				);
				GCC_WARN_64_TO_32_BIT_CONVERSION = YES;
				GCC_WARN_ABOUT_RETURN_TYPE = YES_ERROR;
				GCC_WARN_UNDECLARED_SELECTOR = YES;
				GCC_WARN_UNINITIALIZED_AUTOS = YES_AGGRESSIVE;
				GCC_WARN_UNUSED_FUNCTION = YES;
				GCC_WARN_UNUSED_VARIABLE = YES;
				LOCALIZATION_PREFERS_STRING_CATALOGS = YES;
				MTL_ENABLE_DEBUG_INFO = INCLUDE_SOURCE;
				MTL_FAST_MATH = YES;
				ONLY_ACTIVE_ARCH = YES;
				SWIFT_ACTIVE_COMPILATION_CONDITIONS = "DEBUG $(inherited)";
				SWIFT_OPTIMIZATION_LEVEL = "-Onone";
			};
			name = Debug;
		};
		8A848C732B6EDD840074440B /* Release */ = {
			isa = XCBuildConfiguration;
			buildSettings = {
				ALWAYS_SEARCH_USER_PATHS = NO;
				ASSETCATALOG_COMPILER_GENERATE_SWIFT_ASSET_SYMBOL_EXTENSIONS = YES;
				CLANG_ANALYZER_NONNULL = YES;
				CLANG_ANALYZER_NUMBER_OBJECT_CONVERSION = YES_AGGRESSIVE;
				CLANG_CXX_LANGUAGE_STANDARD = "gnu++20";
				CLANG_ENABLE_MODULES = YES;
				CLANG_ENABLE_OBJC_ARC = YES;
				CLANG_ENABLE_OBJC_WEAK = YES;
				CLANG_WARN_BLOCK_CAPTURE_AUTORELEASING = YES;
				CLANG_WARN_BOOL_CONVERSION = YES;
				CLANG_WARN_COMMA = YES;
				CLANG_WARN_CONSTANT_CONVERSION = YES;
				CLANG_WARN_DEPRECATED_OBJC_IMPLEMENTATIONS = YES;
				CLANG_WARN_DIRECT_OBJC_ISA_USAGE = YES_ERROR;
				CLANG_WARN_DOCUMENTATION_COMMENTS = YES;
				CLANG_WARN_EMPTY_BODY = YES;
				CLANG_WARN_ENUM_CONVERSION = YES;
				CLANG_WARN_INFINITE_RECURSION = YES;
				CLANG_WARN_INT_CONVERSION = YES;
				CLANG_WARN_NON_LITERAL_NULL_CONVERSION = YES;
				CLANG_WARN_OBJC_IMPLICIT_RETAIN_SELF = YES;
				CLANG_WARN_OBJC_LITERAL_CONVERSION = YES;
				CLANG_WARN_OBJC_ROOT_CLASS = YES_ERROR;
				CLANG_WARN_QUOTED_INCLUDE_IN_FRAMEWORK_HEADER = YES;
				CLANG_WARN_RANGE_LOOP_ANALYSIS = YES;
				CLANG_WARN_STRICT_PROTOTYPES = YES;
				CLANG_WARN_SUSPICIOUS_MOVE = YES;
				CLANG_WARN_UNGUARDED_AVAILABILITY = YES_AGGRESSIVE;
				CLANG_WARN_UNREACHABLE_CODE = YES;
				CLANG_WARN__DUPLICATE_METHOD_MATCH = YES;
				COPY_PHASE_STRIP = NO;
				DEBUG_INFORMATION_FORMAT = "dwarf-with-dsym";
				ENABLE_NS_ASSERTIONS = NO;
				ENABLE_STRICT_OBJC_MSGSEND = YES;
				ENABLE_USER_SCRIPT_SANDBOXING = YES;
				GCC_C_LANGUAGE_STANDARD = gnu17;
				GCC_NO_COMMON_BLOCKS = YES;
				GCC_WARN_64_TO_32_BIT_CONVERSION = YES;
				GCC_WARN_ABOUT_RETURN_TYPE = YES_ERROR;
				GCC_WARN_UNDECLARED_SELECTOR = YES;
				GCC_WARN_UNINITIALIZED_AUTOS = YES_AGGRESSIVE;
				GCC_WARN_UNUSED_FUNCTION = YES;
				GCC_WARN_UNUSED_VARIABLE = YES;
				LOCALIZATION_PREFERS_STRING_CATALOGS = YES;
				MTL_ENABLE_DEBUG_INFO = NO;
				MTL_FAST_MATH = YES;
				SWIFT_COMPILATION_MODE = wholemodule;
			};
			name = Release;
		};
		8A848C752B6EDD840074440B /* Debug */ = {
			isa = XCBuildConfiguration;
			buildSettings = {
				ASSETCATALOG_COMPILER_APPICON_NAME = AppIcon;
				ASSETCATALOG_COMPILER_GLOBAL_ACCENT_COLOR_NAME = AccentColor;
				CODE_SIGN_ENTITLEMENTS = ParticlePaintingsV2/ParticlePaintingsV2.entitlements;
				CODE_SIGN_STYLE = Automatic;
				CURRENT_PROJECT_VERSION = 1;
				DEVELOPMENT_ASSET_PATHS = "\"ParticlePaintingsV2/Preview Content\"";
				DEVELOPMENT_TEAM = 8A58YHU842;
				ENABLE_HARDENED_RUNTIME = YES;
				ENABLE_PREVIEWS = YES;
				GENERATE_INFOPLIST_FILE = YES;
				"INFOPLIST_KEY_UIApplicationSceneManifest_Generation[sdk=iphoneos*]" = YES;
				"INFOPLIST_KEY_UIApplicationSceneManifest_Generation[sdk=iphonesimulator*]" = YES;
				"INFOPLIST_KEY_UIApplicationSupportsIndirectInputEvents[sdk=iphoneos*]" = YES;
				"INFOPLIST_KEY_UIApplicationSupportsIndirectInputEvents[sdk=iphonesimulator*]" = YES;
				"INFOPLIST_KEY_UILaunchScreen_Generation[sdk=iphoneos*]" = YES;
				"INFOPLIST_KEY_UILaunchScreen_Generation[sdk=iphonesimulator*]" = YES;
				"INFOPLIST_KEY_UIStatusBarStyle[sdk=iphoneos*]" = UIStatusBarStyleDefault;
				"INFOPLIST_KEY_UIStatusBarStyle[sdk=iphonesimulator*]" = UIStatusBarStyleDefault;
				INFOPLIST_KEY_UISupportedInterfaceOrientations_iPad = "UIInterfaceOrientationPortrait UIInterfaceOrientationPortraitUpsideDown UIInterfaceOrientationLandscapeLeft UIInterfaceOrientationLandscapeRight";
				INFOPLIST_KEY_UISupportedInterfaceOrientations_iPhone = "UIInterfaceOrientationPortrait UIInterfaceOrientationLandscapeLeft UIInterfaceOrientationLandscapeRight";
				IPHONEOS_DEPLOYMENT_TARGET = 17.2;
				LD_RUNPATH_SEARCH_PATHS = "@executable_path/Frameworks";
				"LD_RUNPATH_SEARCH_PATHS[sdk=macosx*]" = "@executable_path/../Frameworks";
				MACOSX_DEPLOYMENT_TARGET = 14.2;
				MARKETING_VERSION = 1.0;
				PRODUCT_BUNDLE_IDENTIFIER = "Closer-Look-LLC.ParticlePaintingsV2";
				PRODUCT_NAME = "$(TARGET_NAME)";
				SDKROOT = auto;
				SUPPORTED_PLATFORMS = "iphoneos iphonesimulator macosx";
				SWIFT_EMIT_LOC_STRINGS = YES;
				SWIFT_VERSION = 5.0;
				TARGETED_DEVICE_FAMILY = "1,2";
			};
			name = Debug;
		};
		8A848C762B6EDD840074440B /* Release */ = {
			isa = XCBuildConfiguration;
			buildSettings = {
				ASSETCATALOG_COMPILER_APPICON_NAME = AppIcon;
				ASSETCATALOG_COMPILER_GLOBAL_ACCENT_COLOR_NAME = AccentColor;
				CODE_SIGN_ENTITLEMENTS = ParticlePaintingsV2/ParticlePaintingsV2.entitlements;
				CODE_SIGN_STYLE = Automatic;
				CURRENT_PROJECT_VERSION = 1;
				DEVELOPMENT_ASSET_PATHS = "\"ParticlePaintingsV2/Preview Content\"";
				DEVELOPMENT_TEAM = 8A58YHU842;
				ENABLE_HARDENED_RUNTIME = YES;
				ENABLE_PREVIEWS = YES;
				GENERATE_INFOPLIST_FILE = YES;
				"INFOPLIST_KEY_UIApplicationSceneManifest_Generation[sdk=iphoneos*]" = YES;
				"INFOPLIST_KEY_UIApplicationSceneManifest_Generation[sdk=iphonesimulator*]" = YES;
				"INFOPLIST_KEY_UIApplicationSupportsIndirectInputEvents[sdk=iphoneos*]" = YES;
				"INFOPLIST_KEY_UIApplicationSupportsIndirectInputEvents[sdk=iphonesimulator*]" = YES;
				"INFOPLIST_KEY_UILaunchScreen_Generation[sdk=iphoneos*]" = YES;
				"INFOPLIST_KEY_UILaunchScreen_Generation[sdk=iphonesimulator*]" = YES;
				"INFOPLIST_KEY_UIStatusBarStyle[sdk=iphoneos*]" = UIStatusBarStyleDefault;
				"INFOPLIST_KEY_UIStatusBarStyle[sdk=iphonesimulator*]" = UIStatusBarStyleDefault;
				INFOPLIST_KEY_UISupportedInterfaceOrientations_iPad = "UIInterfaceOrientationPortrait UIInterfaceOrientationPortraitUpsideDown UIInterfaceOrientationLandscapeLeft UIInterfaceOrientationLandscapeRight";
				INFOPLIST_KEY_UISupportedInterfaceOrientations_iPhone = "UIInterfaceOrientationPortrait UIInterfaceOrientationLandscapeLeft UIInterfaceOrientationLandscapeRight";
				IPHONEOS_DEPLOYMENT_TARGET = 17.2;
				LD_RUNPATH_SEARCH_PATHS = "@executable_path/Frameworks";
				"LD_RUNPATH_SEARCH_PATHS[sdk=macosx*]" = "@executable_path/../Frameworks";
				MACOSX_DEPLOYMENT_TARGET = 14.2;
				MARKETING_VERSION = 1.0;
				PRODUCT_BUNDLE_IDENTIFIER = "Closer-Look-LLC.ParticlePaintingsV2";
				PRODUCT_NAME = "$(TARGET_NAME)";
				SDKROOT = auto;
				SUPPORTED_PLATFORMS = "iphoneos iphonesimulator macosx";
				SWIFT_EMIT_LOC_STRINGS = YES;
				SWIFT_VERSION = 5.0;
				TARGETED_DEVICE_FAMILY = "1,2";
			};
			name = Release;
		};
		8A848C782B6EDD840074440B /* Debug */ = {
			isa = XCBuildConfiguration;
			buildSettings = {
				ALWAYS_EMBED_SWIFT_STANDARD_LIBRARIES = YES;
				BUNDLE_LOADER = "$(TEST_HOST)";
				CODE_SIGN_STYLE = Automatic;
				CURRENT_PROJECT_VERSION = 1;
				DEVELOPMENT_TEAM = 8A58YHU842;
				GENERATE_INFOPLIST_FILE = YES;
				IPHONEOS_DEPLOYMENT_TARGET = 17.2;
				MACOSX_DEPLOYMENT_TARGET = 14.2;
				MARKETING_VERSION = 1.0;
				PRODUCT_BUNDLE_IDENTIFIER = "Closer-Look-LLC.ParticlePaintingsV2Tests";
				PRODUCT_NAME = "$(TARGET_NAME)";
				SDKROOT = auto;
				SUPPORTED_PLATFORMS = "iphoneos iphonesimulator macosx";
				SWIFT_EMIT_LOC_STRINGS = NO;
				SWIFT_VERSION = 5.0;
				TARGETED_DEVICE_FAMILY = "1,2";
				TEST_HOST = "$(BUILT_PRODUCTS_DIR)/ParticlePaintingsV2.app/$(BUNDLE_EXECUTABLE_FOLDER_PATH)/ParticlePaintingsV2";
			};
			name = Debug;
		};
		8A848C792B6EDD840074440B /* Release */ = {
			isa = XCBuildConfiguration;
			buildSettings = {
				ALWAYS_EMBED_SWIFT_STANDARD_LIBRARIES = YES;
				BUNDLE_LOADER = "$(TEST_HOST)";
				CODE_SIGN_STYLE = Automatic;
				CURRENT_PROJECT_VERSION = 1;
				DEVELOPMENT_TEAM = 8A58YHU842;
				GENERATE_INFOPLIST_FILE = YES;
				IPHONEOS_DEPLOYMENT_TARGET = 17.2;
				MACOSX_DEPLOYMENT_TARGET = 14.2;
				MARKETING_VERSION = 1.0;
				PRODUCT_BUNDLE_IDENTIFIER = "Closer-Look-LLC.ParticlePaintingsV2Tests";
				PRODUCT_NAME = "$(TARGET_NAME)";
				SDKROOT = auto;
				SUPPORTED_PLATFORMS = "iphoneos iphonesimulator macosx";
				SWIFT_EMIT_LOC_STRINGS = NO;
				SWIFT_VERSION = 5.0;
				TARGETED_DEVICE_FAMILY = "1,2";
				TEST_HOST = "$(BUILT_PRODUCTS_DIR)/ParticlePaintingsV2.app/$(BUNDLE_EXECUTABLE_FOLDER_PATH)/ParticlePaintingsV2";
			};
			name = Release;
		};
		8A848C7B2B6EDD840074440B /* Debug */ = {
			isa = XCBuildConfiguration;
			buildSettings = {
				ALWAYS_EMBED_SWIFT_STANDARD_LIBRARIES = YES;
				CODE_SIGN_STYLE = Automatic;
				CURRENT_PROJECT_VERSION = 1;
				DEVELOPMENT_TEAM = 8A58YHU842;
				GENERATE_INFOPLIST_FILE = YES;
				IPHONEOS_DEPLOYMENT_TARGET = 17.2;
				MACOSX_DEPLOYMENT_TARGET = 14.2;
				MARKETING_VERSION = 1.0;
				PRODUCT_BUNDLE_IDENTIFIER = "Closer-Look-LLC.ParticlePaintingsV2UITests";
				PRODUCT_NAME = "$(TARGET_NAME)";
				SDKROOT = auto;
				SUPPORTED_PLATFORMS = "iphoneos iphonesimulator macosx";
				SWIFT_EMIT_LOC_STRINGS = NO;
				SWIFT_VERSION = 5.0;
				TARGETED_DEVICE_FAMILY = "1,2";
				TEST_TARGET_NAME = ParticlePaintingsV2;
			};
			name = Debug;
		};
		8A848C7C2B6EDD840074440B /* Release */ = {
			isa = XCBuildConfiguration;
			buildSettings = {
				ALWAYS_EMBED_SWIFT_STANDARD_LIBRARIES = YES;
				CODE_SIGN_STYLE = Automatic;
				CURRENT_PROJECT_VERSION = 1;
				DEVELOPMENT_TEAM = 8A58YHU842;
				GENERATE_INFOPLIST_FILE = YES;
				IPHONEOS_DEPLOYMENT_TARGET = 17.2;
				MACOSX_DEPLOYMENT_TARGET = 14.2;
				MARKETING_VERSION = 1.0;
				PRODUCT_BUNDLE_IDENTIFIER = "Closer-Look-LLC.ParticlePaintingsV2UITests";
				PRODUCT_NAME = "$(TARGET_NAME)";
				SDKROOT = auto;
				SUPPORTED_PLATFORMS = "iphoneos iphonesimulator macosx";
				SWIFT_EMIT_LOC_STRINGS = NO;
				SWIFT_VERSION = 5.0;
				TARGETED_DEVICE_FAMILY = "1,2";
				TEST_TARGET_NAME = ParticlePaintingsV2;
			};
			name = Release;
		};
/* End XCBuildConfiguration section */

/* Begin XCConfigurationList section */
		8A848C4A2B6EDD830074440B /* Build configuration list for PBXProject "ParticlePaintingsV2" */ = {
			isa = XCConfigurationList;
			buildConfigurations = (
				8A848C722B6EDD840074440B /* Debug */,
				8A848C732B6EDD840074440B /* Release */,
			);
			defaultConfigurationIsVisible = 0;
			defaultConfigurationName = Release;
		};
		8A848C742B6EDD840074440B /* Build configuration list for PBXNativeTarget "ParticlePaintingsV2" */ = {
			isa = XCConfigurationList;
			buildConfigurations = (
				8A848C752B6EDD840074440B /* Debug */,
				8A848C762B6EDD840074440B /* Release */,
			);
			defaultConfigurationIsVisible = 0;
			defaultConfigurationName = Release;
		};
		8A848C772B6EDD840074440B /* Build configuration list for PBXNativeTarget "ParticlePaintingsV2Tests" */ = {
			isa = XCConfigurationList;
			buildConfigurations = (
				8A848C782B6EDD840074440B /* Debug */,
				8A848C792B6EDD840074440B /* Release */,
			);
			defaultConfigurationIsVisible = 0;
			defaultConfigurationName = Release;
		};
		8A848C7A2B6EDD840074440B /* Build configuration list for PBXNativeTarget "ParticlePaintingsV2UITests" */ = {
			isa = XCConfigurationList;
			buildConfigurations = (
				8A848C7B2B6EDD840074440B /* Debug */,
				8A848C7C2B6EDD840074440B /* Release */,
			);
			defaultConfigurationIsVisible = 0;
			defaultConfigurationName = Release;
		};
/* End XCConfigurationList section */
	};
	rootObject = 8A848C472B6EDD830074440B /* Project object */;
}
